// !$*UTF8*$!
{
	archiveVersion = 1;
	classes = {
	};
	objectVersion = 46;
	objects = {

/* Begin PBXBuildFile section */
		F73C2E091B16DAAC00BD358B /* AppDelegate.swift in Sources */ = {isa = PBXBuildFile; fileRef = F73C2E081B16DAAC00BD358B /* AppDelegate.swift */; };
		F73C2E0B1B16DAAC00BD358B /* RootViewController.swift in Sources */ = {isa = PBXBuildFile; fileRef = F73C2E0A1B16DAAC00BD358B /* RootViewController.swift */; };
		F73C2E101B16DAAC00BD358B /* Images.xcassets in Resources */ = {isa = PBXBuildFile; fileRef = F73C2E0F1B16DAAC00BD358B /* Images.xcassets */; };
		F73C2E6D1B16E22E00BD358B /* Nimble.framework in Frameworks */ = {isa = PBXBuildFile; fileRef = F73C2E551B16E18B00BD358B /* Nimble.framework */; };
		F73C2E6E1B16E22E00BD358B /* Quick.framework in Frameworks */ = {isa = PBXBuildFile; fileRef = F73C2E481B16E16400BD358B /* Quick.framework */; };
		F7B558841B1836A00079CD22 /* RootViewControllerSpec.swift in Sources */ = {isa = PBXBuildFile; fileRef = F7B558831B1836A00079CD22 /* RootViewControllerSpec.swift */; };
		F7B558861B1836A90079CD22 /* PlayScriptUseCaseSpec.swift in Sources */ = {isa = PBXBuildFile; fileRef = F7B558851B1836A90079CD22 /* PlayScriptUseCaseSpec.swift */; };
		F7B558891B1836EA0079CD22 /* FakePlayScriptUseCase.swift in Sources */ = {isa = PBXBuildFile; fileRef = F7B558881B1836EA0079CD22 /* FakePlayScriptUseCase.swift */; };
		F7B5588B1B1837290079CD22 /* FakeUI.swift in Sources */ = {isa = PBXBuildFile; fileRef = F7B5588A1B1837290079CD22 /* FakeUI.swift */; };
		F7B5588F1B183F0C0079CD22 /* PlayScriptUseCase.swift in Sources */ = {isa = PBXBuildFile; fileRef = F7B5588E1B183F0C0079CD22 /* PlayScriptUseCase.swift */; };
		F7B558941B183F700079CD22 /* Main.storyboard in Resources */ = {isa = PBXBuildFile; fileRef = F73C2E0C1B16DAAC00BD358B /* Main.storyboard */; };
		F7B558961B183F7E0079CD22 /* LaunchScreen.xib in Resources */ = {isa = PBXBuildFile; fileRef = F7B558901B183F290079CD22 /* LaunchScreen.xib */; };
		F7B558991B1979810079CD22 /* Script.swift in Sources */ = {isa = PBXBuildFile; fileRef = F7B558981B1979810079CD22 /* Script.swift */; };
/* End PBXBuildFile section */

/* Begin PBXContainerItemProxy section */
		F73C2E411B16E16400BD358B /* PBXContainerItemProxy */ = {
			isa = PBXContainerItemProxy;
			containerPortal = F73C2E381B16E16400BD358B /* Quick.xcodeproj */;
			proxyType = 2;
			remoteGlobalIDString = DAEB6B8E1943873100289F44;
			remoteInfo = "Quick-OSX";
		};
		F73C2E431B16E16400BD358B /* PBXContainerItemProxy */ = {
			isa = PBXContainerItemProxy;
			containerPortal = F73C2E381B16E16400BD358B /* Quick.xcodeproj */;
			proxyType = 2;
			remoteGlobalIDString = DAEB6B991943873100289F44;
			remoteInfo = "Quick-OSXTests";
		};
		F73C2E451B16E16400BD358B /* PBXContainerItemProxy */ = {
			isa = PBXContainerItemProxy;
			containerPortal = F73C2E381B16E16400BD358B /* Quick.xcodeproj */;
			proxyType = 2;
			remoteGlobalIDString = DA5663E81A4C8D8500193C88;
			remoteInfo = "QuickFocused-OSXTests";
		};
		F73C2E471B16E16400BD358B /* PBXContainerItemProxy */ = {
			isa = PBXContainerItemProxy;
			containerPortal = F73C2E381B16E16400BD358B /* Quick.xcodeproj */;
			proxyType = 2;
			remoteGlobalIDString = 5A5D117C19473F2100F6D13D;
			remoteInfo = "Quick-iOS";
		};
		F73C2E491B16E16400BD358B /* PBXContainerItemProxy */ = {
			isa = PBXContainerItemProxy;
			containerPortal = F73C2E381B16E16400BD358B /* Quick.xcodeproj */;
			proxyType = 2;
			remoteGlobalIDString = 5A5D118619473F2100F6D13D;
			remoteInfo = "Quick-iOSTests";
		};
		F73C2E4B1B16E16400BD358B /* PBXContainerItemProxy */ = {
			isa = PBXContainerItemProxy;
			containerPortal = F73C2E381B16E16400BD358B /* Quick.xcodeproj */;
			proxyType = 2;
			remoteGlobalIDString = DA9876B21A4C70EB0004AA17;
			remoteInfo = "QuickFocused-iOSTests";
		};
		F73C2E541B16E18B00BD358B /* PBXContainerItemProxy */ = {
			isa = PBXContainerItemProxy;
			containerPortal = F73C2E4D1B16E18A00BD358B /* Nimble.xcodeproj */;
			proxyType = 2;
			remoteGlobalIDString = 1F1A74291940169200FFFC47;
			remoteInfo = "Nimble-iOS";
		};
		F73C2E561B16E18B00BD358B /* PBXContainerItemProxy */ = {
			isa = PBXContainerItemProxy;
			containerPortal = F73C2E4D1B16E18A00BD358B /* Nimble.xcodeproj */;
			proxyType = 2;
			remoteGlobalIDString = 1F1A74341940169200FFFC47;
			remoteInfo = "Nimble-iOSTests";
		};
		F73C2E581B16E18B00BD358B /* PBXContainerItemProxy */ = {
			isa = PBXContainerItemProxy;
			containerPortal = F73C2E4D1B16E18A00BD358B /* Nimble.xcodeproj */;
			proxyType = 2;
			remoteGlobalIDString = 1F925EAD195C0D6300ED456B;
			remoteInfo = "Nimble-OSX";
		};
		F73C2E5A1B16E18B00BD358B /* PBXContainerItemProxy */ = {
			isa = PBXContainerItemProxy;
			containerPortal = F73C2E4D1B16E18A00BD358B /* Nimble.xcodeproj */;
			proxyType = 2;
			remoteGlobalIDString = 1F925EB7195C0D6300ED456B;
			remoteInfo = "Nimble-OSXTests";
		};
		F73C2E681B16E22200BD358B /* PBXContainerItemProxy */ = {
			isa = PBXContainerItemProxy;
			containerPortal = F73C2DFB1B16DAAC00BD358B /* Project object */;
			proxyType = 1;
			remoteGlobalIDString = F73C2E021B16DAAC00BD358B;
			remoteInfo = MinesOfMios;
		};
/* End PBXContainerItemProxy section */

/* Begin PBXFileReference section */
		F73C2E031B16DAAC00BD358B /* MinesOfMios.app */ = {isa = PBXFileReference; explicitFileType = wrapper.application; includeInIndex = 0; path = MinesOfMios.app; sourceTree = BUILT_PRODUCTS_DIR; };
		F73C2E071B16DAAC00BD358B /* Info.plist */ = {isa = PBXFileReference; lastKnownFileType = text.plist.xml; path = Info.plist; sourceTree = "<group>"; };
		F73C2E081B16DAAC00BD358B /* AppDelegate.swift */ = {isa = PBXFileReference; lastKnownFileType = sourcecode.swift; path = AppDelegate.swift; sourceTree = "<group>"; };
		F73C2E0A1B16DAAC00BD358B /* RootViewController.swift */ = {isa = PBXFileReference; lastKnownFileType = sourcecode.swift; path = RootViewController.swift; sourceTree = "<group>"; };
		F73C2E0D1B16DAAC00BD358B /* Base */ = {isa = PBXFileReference; lastKnownFileType = file.storyboard; name = Base; path = Base.lproj/Main.storyboard; sourceTree = "<group>"; };
		F73C2E0F1B16DAAC00BD358B /* Images.xcassets */ = {isa = PBXFileReference; lastKnownFileType = folder.assetcatalog; path = Images.xcassets; sourceTree = "<group>"; };
		F73C2E381B16E16400BD358B /* Quick.xcodeproj */ = {isa = PBXFileReference; lastKnownFileType = "wrapper.pb-project"; name = Quick.xcodeproj; path = Quick/Quick.xcodeproj; sourceTree = "<group>"; };
		F73C2E4D1B16E18A00BD358B /* Nimble.xcodeproj */ = {isa = PBXFileReference; lastKnownFileType = "wrapper.pb-project"; name = Nimble.xcodeproj; path = Quick/Externals/Nimble/Nimble.xcodeproj; sourceTree = "<group>"; };
		F73C2E621B16E22200BD358B /* Specs.xctest */ = {isa = PBXFileReference; explicitFileType = wrapper.cfbundle; includeInIndex = 0; path = Specs.xctest; sourceTree = BUILT_PRODUCTS_DIR; };
		F73C2E651B16E22200BD358B /* Info.plist */ = {isa = PBXFileReference; lastKnownFileType = text.plist.xml; path = Info.plist; sourceTree = "<group>"; };
		F7B558831B1836A00079CD22 /* RootViewControllerSpec.swift */ = {isa = PBXFileReference; fileEncoding = 4; lastKnownFileType = sourcecode.swift; path = RootViewControllerSpec.swift; sourceTree = "<group>"; };
		F7B558851B1836A90079CD22 /* PlayScriptUseCaseSpec.swift */ = {isa = PBXFileReference; fileEncoding = 4; lastKnownFileType = sourcecode.swift; path = PlayScriptUseCaseSpec.swift; sourceTree = "<group>"; };
		F7B558881B1836EA0079CD22 /* FakePlayScriptUseCase.swift */ = {isa = PBXFileReference; fileEncoding = 4; lastKnownFileType = sourcecode.swift; path = FakePlayScriptUseCase.swift; sourceTree = "<group>"; };
		F7B5588A1B1837290079CD22 /* FakeUI.swift */ = {isa = PBXFileReference; fileEncoding = 4; lastKnownFileType = sourcecode.swift; path = FakeUI.swift; sourceTree = "<group>"; };
		F7B5588E1B183F0C0079CD22 /* PlayScriptUseCase.swift */ = {isa = PBXFileReference; fileEncoding = 4; lastKnownFileType = sourcecode.swift; path = PlayScriptUseCase.swift; sourceTree = "<group>"; };
		F7B558911B183F290079CD22 /* Base */ = {isa = PBXFileReference; lastKnownFileType = file.xib; name = Base; path = Base.lproj/LaunchScreen.xib; sourceTree = "<group>"; };
		F7B558981B1979810079CD22 /* Script.swift */ = {isa = PBXFileReference; fileEncoding = 4; lastKnownFileType = sourcecode.swift; path = Script.swift; sourceTree = "<group>"; };
/* End PBXFileReference section */

/* Begin PBXFrameworksBuildPhase section */
		F73C2E001B16DAAC00BD358B /* Frameworks */ = {
			isa = PBXFrameworksBuildPhase;
			buildActionMask = 2147483647;
			files = (
			);
			runOnlyForDeploymentPostprocessing = 0;
		};
		F73C2E5F1B16E22200BD358B /* Frameworks */ = {
			isa = PBXFrameworksBuildPhase;
			buildActionMask = 2147483647;
			files = (
				F73C2E6D1B16E22E00BD358B /* Nimble.framework in Frameworks */,
				F73C2E6E1B16E22E00BD358B /* Quick.framework in Frameworks */,
			);
			runOnlyForDeploymentPostprocessing = 0;
		};
/* End PBXFrameworksBuildPhase section */

/* Begin PBXGroup section */
		F73C2DFA1B16DAAC00BD358B = {
			isa = PBXGroup;
			children = (
				F73C2E281B16E13300BD358B /* Externals */,
				F73C2E051B16DAAC00BD358B /* MinesOfMios */,
				F73C2E631B16E22200BD358B /* Specs */,
				F73C2E041B16DAAC00BD358B /* Products */,
			);
			sourceTree = "<group>";
		};
		F73C2E041B16DAAC00BD358B /* Products */ = {
			isa = PBXGroup;
			children = (
				F73C2E031B16DAAC00BD358B /* MinesOfMios.app */,
				F73C2E621B16E22200BD358B /* Specs.xctest */,
			);
			name = Products;
			sourceTree = "<group>";
		};
		F73C2E051B16DAAC00BD358B /* MinesOfMios */ = {
			isa = PBXGroup;
			children = (
				F7B558971B19794D0079CD22 /* Entities */,
				F73C2E701B16FB6E00BD358B /* UI */,
				F73C2E6F1B16FB6900BD358B /* UseCases */,
				F73C2E061B16DAAC00BD358B /* Supporting Files */,
			);
			path = MinesOfMios;
			sourceTree = "<group>";
		};
		F73C2E061B16DAAC00BD358B /* Supporting Files */ = {
			isa = PBXGroup;
			children = (
				F73C2E0F1B16DAAC00BD358B /* Images.xcassets */,
				F73C2E071B16DAAC00BD358B /* Info.plist */,
			);
			name = "Supporting Files";
			path = SupportingFiles;
			sourceTree = "<group>";
		};
		F73C2E281B16E13300BD358B /* Externals */ = {
			isa = PBXGroup;
			children = (
				F73C2E4D1B16E18A00BD358B /* Nimble.xcodeproj */,
				F73C2E381B16E16400BD358B /* Quick.xcodeproj */,
			);
			path = Externals;
			sourceTree = "<group>";
		};
		F73C2E391B16E16400BD358B /* Products */ = {
			isa = PBXGroup;
			children = (
				F73C2E421B16E16400BD358B /* Quick.framework */,
				F73C2E441B16E16400BD358B /* Quick-OSXTests.xctest */,
				F73C2E461B16E16400BD358B /* QuickFocused-OSXTests.xctest */,
				F73C2E481B16E16400BD358B /* Quick.framework */,
				F73C2E4A1B16E16400BD358B /* Quick-iOSTests.xctest */,
				F73C2E4C1B16E16400BD358B /* QuickFocused-iOSTests.xctest */,
			);
			name = Products;
			sourceTree = "<group>";
		};
		F73C2E4E1B16E18A00BD358B /* Products */ = {
			isa = PBXGroup;
			children = (
				F73C2E551B16E18B00BD358B /* Nimble.framework */,
				F73C2E571B16E18B00BD358B /* NimbleTests.xctest */,
				F73C2E591B16E18B00BD358B /* Nimble.framework */,
				F73C2E5B1B16E18B00BD358B /* NimbleTests.xctest */,
			);
			name = Products;
			sourceTree = "<group>";
		};
		F73C2E631B16E22200BD358B /* Specs */ = {
			isa = PBXGroup;
			children = (
				F7B558871B1836C20079CD22 /* Fakes */,
				F73C2E641B16E22200BD358B /* Supporting Files */,
				F7B558811B18366A0079CD22 /* UI */,
				F7B558821B18366F0079CD22 /* UseCases */,
			);
			path = Specs;
			sourceTree = "<group>";
		};
		F73C2E641B16E22200BD358B /* Supporting Files */ = {
			isa = PBXGroup;
			children = (
				F73C2E651B16E22200BD358B /* Info.plist */,
			);
			name = "Supporting Files";
			sourceTree = "<group>";
		};
		F73C2E6F1B16FB6900BD358B /* UseCases */ = {
			isa = PBXGroup;
			children = (
				F7B5588E1B183F0C0079CD22 /* PlayScriptUseCase.swift */,
			);
			path = UseCases;
			sourceTree = "<group>";
		};
		F73C2E701B16FB6E00BD358B /* UI */ = {
			isa = PBXGroup;
			children = (
				F7B558901B183F290079CD22 /* LaunchScreen.xib */,
				F73C2E081B16DAAC00BD358B /* AppDelegate.swift */,
				F73C2E0A1B16DAAC00BD358B /* RootViewController.swift */,
				F73C2E0C1B16DAAC00BD358B /* Main.storyboard */,
			);
			path = UI;
			sourceTree = "<group>";
		};
		F7B558811B18366A0079CD22 /* UI */ = {
			isa = PBXGroup;
			children = (
				F7B558831B1836A00079CD22 /* RootViewControllerSpec.swift */,
			);
			path = UI;
			sourceTree = "<group>";
		};
		F7B558821B18366F0079CD22 /* UseCases */ = {
			isa = PBXGroup;
			children = (
				F7B558851B1836A90079CD22 /* PlayScriptUseCaseSpec.swift */,
			);
			path = UseCases;
			sourceTree = "<group>";
		};
		F7B558871B1836C20079CD22 /* Fakes */ = {
			isa = PBXGroup;
			children = (
				F7B558881B1836EA0079CD22 /* FakePlayScriptUseCase.swift */,
				F7B5588A1B1837290079CD22 /* FakeUI.swift */,
			);
			path = Fakes;
			sourceTree = "<group>";
		};
		F7B558971B19794D0079CD22 /* Entities */ = {
			isa = PBXGroup;
			children = (
				F7B558981B1979810079CD22 /* Script.swift */,
			);
			path = Entities;
			sourceTree = "<group>";
		};
/* End PBXGroup section */

/* Begin PBXNativeTarget section */
		F73C2E021B16DAAC00BD358B /* MinesOfMios */ = {
			isa = PBXNativeTarget;
			buildConfigurationList = F73C2E221B16DAAC00BD358B /* Build configuration list for PBXNativeTarget "MinesOfMios" */;
			buildPhases = (
				F73C2DFF1B16DAAC00BD358B /* Sources */,
				F73C2E001B16DAAC00BD358B /* Frameworks */,
				F73C2E011B16DAAC00BD358B /* Resources */,
			);
			buildRules = (
			);
			dependencies = (
			);
			name = MinesOfMios;
			productName = MinesOfMios;
			productReference = F73C2E031B16DAAC00BD358B /* MinesOfMios.app */;
			productType = "com.apple.product-type.application";
		};
		F73C2E611B16E22200BD358B /* Specs */ = {
			isa = PBXNativeTarget;
			buildConfigurationList = F73C2E6A1B16E22200BD358B /* Build configuration list for PBXNativeTarget "Specs" */;
			buildPhases = (
				F73C2E5E1B16E22200BD358B /* Sources */,
				F73C2E5F1B16E22200BD358B /* Frameworks */,
				F73C2E601B16E22200BD358B /* Resources */,
			);
			buildRules = (
			);
			dependencies = (
				F73C2E691B16E22200BD358B /* PBXTargetDependency */,
			);
			name = Specs;
			productName = Specs;
			productReference = F73C2E621B16E22200BD358B /* Specs.xctest */;
			productType = "com.apple.product-type.bundle.unit-test";
		};
/* End PBXNativeTarget section */

/* Begin PBXProject section */
		F73C2DFB1B16DAAC00BD358B /* Project object */ = {
			isa = PBXProject;
			attributes = {
				LastSwiftMigration = 0700;
				LastSwiftUpdateCheck = 0700;
				LastUpgradeCheck = 0630;
				ORGANIZATIONNAME = "General Linear Group";
				TargetAttributes = {
					F73C2E021B16DAAC00BD358B = {
						CreatedOnToolsVersion = 6.3;
					};
					F73C2E611B16E22200BD358B = {
						CreatedOnToolsVersion = 6.3;
						TestTargetID = F73C2E021B16DAAC00BD358B;
					};
				};
			};
			buildConfigurationList = F73C2DFE1B16DAAC00BD358B /* Build configuration list for PBXProject "MinesOfMios" */;
			compatibilityVersion = "Xcode 3.2";
			developmentRegion = English;
			hasScannedForEncodings = 0;
			knownRegions = (
				en,
				Base,
			);
			mainGroup = F73C2DFA1B16DAAC00BD358B;
			productRefGroup = F73C2E041B16DAAC00BD358B /* Products */;
			projectDirPath = "";
			projectReferences = (
				{
					ProductGroup = F73C2E4E1B16E18A00BD358B /* Products */;
					ProjectRef = F73C2E4D1B16E18A00BD358B /* Nimble.xcodeproj */;
				},
				{
					ProductGroup = F73C2E391B16E16400BD358B /* Products */;
					ProjectRef = F73C2E381B16E16400BD358B /* Quick.xcodeproj */;
				},
			);
			projectRoot = "";
			targets = (
				F73C2E021B16DAAC00BD358B /* MinesOfMios */,
				F73C2E611B16E22200BD358B /* Specs */,
			);
		};
/* End PBXProject section */

/* Begin PBXReferenceProxy section */
		F73C2E421B16E16400BD358B /* Quick.framework */ = {
			isa = PBXReferenceProxy;
			fileType = wrapper.framework;
			path = Quick.framework;
			remoteRef = F73C2E411B16E16400BD358B /* PBXContainerItemProxy */;
			sourceTree = BUILT_PRODUCTS_DIR;
		};
		F73C2E441B16E16400BD358B /* Quick-OSXTests.xctest */ = {
			isa = PBXReferenceProxy;
			fileType = wrapper.cfbundle;
			path = "Quick-OSXTests.xctest";
			remoteRef = F73C2E431B16E16400BD358B /* PBXContainerItemProxy */;
			sourceTree = BUILT_PRODUCTS_DIR;
		};
		F73C2E461B16E16400BD358B /* QuickFocused-OSXTests.xctest */ = {
			isa = PBXReferenceProxy;
			fileType = wrapper.cfbundle;
			path = "QuickFocused-OSXTests.xctest";
			remoteRef = F73C2E451B16E16400BD358B /* PBXContainerItemProxy */;
			sourceTree = BUILT_PRODUCTS_DIR;
		};
		F73C2E481B16E16400BD358B /* Quick.framework */ = {
			isa = PBXReferenceProxy;
			fileType = wrapper.framework;
			path = Quick.framework;
			remoteRef = F73C2E471B16E16400BD358B /* PBXContainerItemProxy */;
			sourceTree = BUILT_PRODUCTS_DIR;
		};
		F73C2E4A1B16E16400BD358B /* Quick-iOSTests.xctest */ = {
			isa = PBXReferenceProxy;
			fileType = wrapper.cfbundle;
			path = "Quick-iOSTests.xctest";
			remoteRef = F73C2E491B16E16400BD358B /* PBXContainerItemProxy */;
			sourceTree = BUILT_PRODUCTS_DIR;
		};
		F73C2E4C1B16E16400BD358B /* QuickFocused-iOSTests.xctest */ = {
			isa = PBXReferenceProxy;
			fileType = wrapper.cfbundle;
			path = "QuickFocused-iOSTests.xctest";
			remoteRef = F73C2E4B1B16E16400BD358B /* PBXContainerItemProxy */;
			sourceTree = BUILT_PRODUCTS_DIR;
		};
		F73C2E551B16E18B00BD358B /* Nimble.framework */ = {
			isa = PBXReferenceProxy;
			fileType = wrapper.framework;
			path = Nimble.framework;
			remoteRef = F73C2E541B16E18B00BD358B /* PBXContainerItemProxy */;
			sourceTree = BUILT_PRODUCTS_DIR;
		};
		F73C2E571B16E18B00BD358B /* NimbleTests.xctest */ = {
			isa = PBXReferenceProxy;
			fileType = wrapper.cfbundle;
			path = NimbleTests.xctest;
			remoteRef = F73C2E561B16E18B00BD358B /* PBXContainerItemProxy */;
			sourceTree = BUILT_PRODUCTS_DIR;
		};
		F73C2E591B16E18B00BD358B /* Nimble.framework */ = {
			isa = PBXReferenceProxy;
			fileType = wrapper.framework;
			path = Nimble.framework;
			remoteRef = F73C2E581B16E18B00BD358B /* PBXContainerItemProxy */;
			sourceTree = BUILT_PRODUCTS_DIR;
		};
		F73C2E5B1B16E18B00BD358B /* NimbleTests.xctest */ = {
			isa = PBXReferenceProxy;
			fileType = wrapper.cfbundle;
			path = NimbleTests.xctest;
			remoteRef = F73C2E5A1B16E18B00BD358B /* PBXContainerItemProxy */;
			sourceTree = BUILT_PRODUCTS_DIR;
		};
/* End PBXReferenceProxy section */

/* Begin PBXResourcesBuildPhase section */
		F73C2E011B16DAAC00BD358B /* Resources */ = {
			isa = PBXResourcesBuildPhase;
			buildActionMask = 2147483647;
			files = (
				F7B558961B183F7E0079CD22 /* LaunchScreen.xib in Resources */,
				F7B558941B183F700079CD22 /* Main.storyboard in Resources */,
				F73C2E101B16DAAC00BD358B /* Images.xcassets in Resources */,
			);
			runOnlyForDeploymentPostprocessing = 0;
		};
		F73C2E601B16E22200BD358B /* Resources */ = {
			isa = PBXResourcesBuildPhase;
			buildActionMask = 2147483647;
			files = (
			);
			runOnlyForDeploymentPostprocessing = 0;
		};
/* End PBXResourcesBuildPhase section */

/* Begin PBXSourcesBuildPhase section */
		F73C2DFF1B16DAAC00BD358B /* Sources */ = {
			isa = PBXSourcesBuildPhase;
			buildActionMask = 2147483647;
			files = (
				F7B558991B1979810079CD22 /* Script.swift in Sources */,
				F7B5588F1B183F0C0079CD22 /* PlayScriptUseCase.swift in Sources */,
				F73C2E0B1B16DAAC00BD358B /* RootViewController.swift in Sources */,
				F73C2E091B16DAAC00BD358B /* AppDelegate.swift in Sources */,
			);
			runOnlyForDeploymentPostprocessing = 0;
		};
		F73C2E5E1B16E22200BD358B /* Sources */ = {
			isa = PBXSourcesBuildPhase;
			buildActionMask = 2147483647;
			files = (
				F7B5588B1B1837290079CD22 /* FakeUI.swift in Sources */,
				F7B558841B1836A00079CD22 /* RootViewControllerSpec.swift in Sources */,
				F7B558891B1836EA0079CD22 /* FakePlayScriptUseCase.swift in Sources */,
				F7B558861B1836A90079CD22 /* PlayScriptUseCaseSpec.swift in Sources */,
			);
			runOnlyForDeploymentPostprocessing = 0;
		};
/* End PBXSourcesBuildPhase section */

/* Begin PBXTargetDependency section */
		F73C2E691B16E22200BD358B /* PBXTargetDependency */ = {
			isa = PBXTargetDependency;
			target = F73C2E021B16DAAC00BD358B /* MinesOfMios */;
			targetProxy = F73C2E681B16E22200BD358B /* PBXContainerItemProxy */;
		};
/* End PBXTargetDependency section */

/* Begin PBXVariantGroup section */
		F73C2E0C1B16DAAC00BD358B /* Main.storyboard */ = {
			isa = PBXVariantGroup;
			children = (
				F73C2E0D1B16DAAC00BD358B /* Base */,
			);
			name = Main.storyboard;
			sourceTree = "<group>";
		};
		F7B558901B183F290079CD22 /* LaunchScreen.xib */ = {
			isa = PBXVariantGroup;
			children = (
				F7B558911B183F290079CD22 /* Base */,
			);
			name = LaunchScreen.xib;
			sourceTree = "<group>";
		};
/* End PBXVariantGroup section */

/* Begin XCBuildConfiguration section */
		F73C2E201B16DAAC00BD358B /* Debug */ = {
			isa = XCBuildConfiguration;
			buildSettings = {
				ALWAYS_SEARCH_USER_PATHS = NO;
				CLANG_CXX_LANGUAGE_STANDARD = "gnu++0x";
				CLANG_CXX_LIBRARY = "libc++";
				CLANG_ENABLE_MODULES = YES;
				CLANG_ENABLE_OBJC_ARC = YES;
				CLANG_WARN_BOOL_CONVERSION = YES;
				CLANG_WARN_CONSTANT_CONVERSION = YES;
				CLANG_WARN_DIRECT_OBJC_ISA_USAGE = YES_ERROR;
				CLANG_WARN_EMPTY_BODY = YES;
				CLANG_WARN_ENUM_CONVERSION = YES;
				CLANG_WARN_INT_CONVERSION = YES;
				CLANG_WARN_OBJC_ROOT_CLASS = YES_ERROR;
				CLANG_WARN_UNREACHABLE_CODE = YES;
				CLANG_WARN__DUPLICATE_METHOD_MATCH = YES;
				"CODE_SIGN_IDENTITY[sdk=iphoneos*]" = "iPhone Developer";
				COPY_PHASE_STRIP = NO;
				DEBUG_INFORMATION_FORMAT = "dwarf-with-dsym";
				ENABLE_STRICT_OBJC_MSGSEND = YES;
				GCC_C_LANGUAGE_STANDARD = gnu99;
				GCC_DYNAMIC_NO_PIC = NO;
				GCC_NO_COMMON_BLOCKS = YES;
				GCC_OPTIMIZATION_LEVEL = 0;
				GCC_PREPROCESSOR_DEFINITIONS = (
					"DEBUG=1",
					"$(inherited)",
				);
				GCC_SYMBOLS_PRIVATE_EXTERN = NO;
				GCC_WARN_64_TO_32_BIT_CONVERSION = YES;
				GCC_WARN_ABOUT_RETURN_TYPE = YES_ERROR;
				GCC_WARN_UNDECLARED_SELECTOR = YES;
				GCC_WARN_UNINITIALIZED_AUTOS = YES_AGGRESSIVE;
				GCC_WARN_UNUSED_FUNCTION = YES;
				GCC_WARN_UNUSED_VARIABLE = YES;
				IPHONEOS_DEPLOYMENT_TARGET = 8.3;
				MTL_ENABLE_DEBUG_INFO = YES;
				ONLY_ACTIVE_ARCH = YES;
				SDKROOT = iphoneos;
				SWIFT_OPTIMIZATION_LEVEL = "-Onone";
			};
			name = Debug;
		};
		F73C2E211B16DAAC00BD358B /* Release */ = {
			isa = XCBuildConfiguration;
			buildSettings = {
				ALWAYS_SEARCH_USER_PATHS = NO;
				CLANG_CXX_LANGUAGE_STANDARD = "gnu++0x";
				CLANG_CXX_LIBRARY = "libc++";
				CLANG_ENABLE_MODULES = YES;
				CLANG_ENABLE_OBJC_ARC = YES;
				CLANG_WARN_BOOL_CONVERSION = YES;
				CLANG_WARN_CONSTANT_CONVERSION = YES;
				CLANG_WARN_DIRECT_OBJC_ISA_USAGE = YES_ERROR;
				CLANG_WARN_EMPTY_BODY = YES;
				CLANG_WARN_ENUM_CONVERSION = YES;
				CLANG_WARN_INT_CONVERSION = YES;
				CLANG_WARN_OBJC_ROOT_CLASS = YES_ERROR;
				CLANG_WARN_UNREACHABLE_CODE = YES;
				CLANG_WARN__DUPLICATE_METHOD_MATCH = YES;
				"CODE_SIGN_IDENTITY[sdk=iphoneos*]" = "iPhone Developer";
				COPY_PHASE_STRIP = NO;
				DEBUG_INFORMATION_FORMAT = "dwarf-with-dsym";
				ENABLE_NS_ASSERTIONS = NO;
				ENABLE_STRICT_OBJC_MSGSEND = YES;
				GCC_C_LANGUAGE_STANDARD = gnu99;
				GCC_NO_COMMON_BLOCKS = YES;
				GCC_WARN_64_TO_32_BIT_CONVERSION = YES;
				GCC_WARN_ABOUT_RETURN_TYPE = YES_ERROR;
				GCC_WARN_UNDECLARED_SELECTOR = YES;
				GCC_WARN_UNINITIALIZED_AUTOS = YES_AGGRESSIVE;
				GCC_WARN_UNUSED_FUNCTION = YES;
				GCC_WARN_UNUSED_VARIABLE = YES;
				IPHONEOS_DEPLOYMENT_TARGET = 8.3;
				MTL_ENABLE_DEBUG_INFO = NO;
				SDKROOT = iphoneos;
				VALIDATE_PRODUCT = YES;
			};
			name = Release;
		};
		F73C2E231B16DAAC00BD358B /* Debug */ = {
			isa = XCBuildConfiguration;
			buildSettings = {
				ASSETCATALOG_COMPILER_APPICON_NAME = AppIcon;
				DEFINES_MODULE = YES;
				INFOPLIST_FILE = "$(SRCROOT)/MinesOfMios/SupportingFiles/Info.plist";
				LD_RUNPATH_SEARCH_PATHS = "$(inherited) @executable_path/Frameworks";
				PRODUCT_NAME = "$(TARGET_NAME)";
			};
			name = Debug;
		};
		F73C2E241B16DAAC00BD358B /* Release */ = {
			isa = XCBuildConfiguration;
			buildSettings = {
				ASSETCATALOG_COMPILER_APPICON_NAME = AppIcon;
				DEFINES_MODULE = YES;
				INFOPLIST_FILE = "$(SRCROOT)/MinesOfMios/SupportingFiles/Info.plist";
				LD_RUNPATH_SEARCH_PATHS = "$(inherited) @executable_path/Frameworks";
				PRODUCT_NAME = "$(TARGET_NAME)";
			};
			name = Release;
		};
		F73C2E6B1B16E22200BD358B /* Debug */ = {
			isa = XCBuildConfiguration;
			buildSettings = {
				BUNDLE_LOADER = "$(TEST_HOST)";
				FRAMEWORK_SEARCH_PATHS = (
					"$(SDKROOT)/Developer/Library/Frameworks",
					"$(inherited)",
				);
				GCC_PREPROCESSOR_DEFINITIONS = (
					"DEBUG=1",
					"$(inherited)",
				);
				INFOPLIST_FILE = Specs/Info.plist;
				LD_RUNPATH_SEARCH_PATHS = "$(inherited) @executable_path/Frameworks @loader_path/Frameworks";
				PRODUCT_NAME = "$(TARGET_NAME)";
				TEST_HOST = "$(BUILT_PRODUCTS_DIR)/MinesOfMios.app/MinesOfMios";
			};
			name = Debug;
		};
		F73C2E6C1B16E22200BD358B /* Release */ = {
			isa = XCBuildConfiguration;
			buildSettings = {
				BUNDLE_LOADER = "$(TEST_HOST)";
				FRAMEWORK_SEARCH_PATHS = (
					"$(SDKROOT)/Developer/Library/Frameworks",
					"$(inherited)",
				);
				INFOPLIST_FILE = Specs/Info.plist;
				LD_RUNPATH_SEARCH_PATHS = "$(inherited) @executable_path/Frameworks @loader_path/Frameworks";
				PRODUCT_NAME = "$(TARGET_NAME)";
				TEST_HOST = "$(BUILT_PRODUCTS_DIR)/MinesOfMios.app/MinesOfMios";
			};
			name = Release;
		};
/* End XCBuildConfiguration section */

/* Begin XCConfigurationList section */
		F73C2DFE1B16DAAC00BD358B /* Build configuration list for PBXProject "MinesOfMios" */ = {
			isa = XCConfigurationList;
			buildConfigurations = (
				F73C2E201B16DAAC00BD358B /* Debug */,
				F73C2E211B16DAAC00BD358B /* Release */,
			);
			defaultConfigurationIsVisible = 0;
			defaultConfigurationName = Release;
		};
		F73C2E221B16DAAC00BD358B /* Build configuration list for PBXNativeTarget "MinesOfMios" */ = {
			isa = XCConfigurationList;
			buildConfigurations = (
				F73C2E231B16DAAC00BD358B /* Debug */,
				F73C2E241B16DAAC00BD358B /* Release */,
			);
			defaultConfigurationIsVisible = 0;
			defaultConfigurationName = Release;
		};
		F73C2E6A1B16E22200BD358B /* Build configuration list for PBXNativeTarget "Specs" */ = {
			isa = XCConfigurationList;
			buildConfigurations = (
				F73C2E6B1B16E22200BD358B /* Debug */,
				F73C2E6C1B16E22200BD358B /* Release */,
			);
			defaultConfigurationIsVisible = 0;
			defaultConfigurationName = Release;
		};
/* End XCConfigurationList section */
	};
	rootObject = F73C2DFB1B16DAAC00BD358B /* Project object */;
}
